// !$*UTF8*$!
{
	archiveVersion = 1;
	classes = {
	};
	objectVersion = 55;
	objects = {

/* Begin PBXBuildFile section */
		06F32F7028D1D443516531FE /* Pods_MovieApp_MovieAppUITests.framework in Frameworks */ = {isa = PBXBuildFile; fileRef = 2E30A91B594E598949F417C8 /* Pods_MovieApp_MovieAppUITests.framework */; };
		48AD459BB01C1857D85D9C5B /* Pods_MovieAppTests.framework in Frameworks */ = {isa = PBXBuildFile; fileRef = CA8F8C2F38F88D900839A21D /* Pods_MovieAppTests.framework */; };
		48BF5AF827ABADBE00FDE23E /* AppDelegate.swift in Sources */ = {isa = PBXBuildFile; fileRef = 48BF5AF727ABADBE00FDE23E /* AppDelegate.swift */; };
		48BF5AFA27ABADBE00FDE23E /* SceneDelegate.swift in Sources */ = {isa = PBXBuildFile; fileRef = 48BF5AF927ABADBE00FDE23E /* SceneDelegate.swift */; };
		48BF5AFC27ABADBE00FDE23E /* ViewController.swift in Sources */ = {isa = PBXBuildFile; fileRef = 48BF5AFB27ABADBE00FDE23E /* ViewController.swift */; };
		48BF5AFF27ABADBE00FDE23E /* Main.storyboard in Resources */ = {isa = PBXBuildFile; fileRef = 48BF5AFD27ABADBE00FDE23E /* Main.storyboard */; };
		48BF5B0127ABADC000FDE23E /* Assets.xcassets in Resources */ = {isa = PBXBuildFile; fileRef = 48BF5B0027ABADC000FDE23E /* Assets.xcassets */; };
		48BF5B0427ABADC000FDE23E /* LaunchScreen.storyboard in Resources */ = {isa = PBXBuildFile; fileRef = 48BF5B0227ABADC000FDE23E /* LaunchScreen.storyboard */; };
		48BF5B0F27ABADC000FDE23E /* MovieAppTests.swift in Sources */ = {isa = PBXBuildFile; fileRef = 48BF5B0E27ABADC000FDE23E /* MovieAppTests.swift */; };
		48BF5B1927ABADC000FDE23E /* MovieAppUITests.swift in Sources */ = {isa = PBXBuildFile; fileRef = 48BF5B1827ABADC000FDE23E /* MovieAppUITests.swift */; };
		48BF5B1B27ABADC000FDE23E /* MovieAppUITestsLaunchTests.swift in Sources */ = {isa = PBXBuildFile; fileRef = 48BF5B1A27ABADC000FDE23E /* MovieAppUITestsLaunchTests.swift */; };
		B647E890365A4DFDE0B7AB9C /* Pods_MovieApp.framework in Frameworks */ = {isa = PBXBuildFile; fileRef = 066156AF056B34E8A72E7BC1 /* Pods_MovieApp.framework */; };
/* End PBXBuildFile section */

/* Begin PBXContainerItemProxy section */
		48BF5B0B27ABADC000FDE23E /* PBXContainerItemProxy */ = {
			isa = PBXContainerItemProxy;
			containerPortal = 48BF5AEC27ABADBE00FDE23E /* Project object */;
			proxyType = 1;
			remoteGlobalIDString = 48BF5AF327ABADBE00FDE23E;
			remoteInfo = MovieApp;
		};
		48BF5B1527ABADC000FDE23E /* PBXContainerItemProxy */ = {
			isa = PBXContainerItemProxy;
			containerPortal = 48BF5AEC27ABADBE00FDE23E /* Project object */;
			proxyType = 1;
			remoteGlobalIDString = 48BF5AF327ABADBE00FDE23E;
			remoteInfo = MovieApp;
		};
/* End PBXContainerItemProxy section */

/* Begin PBXFileReference section */
		066156AF056B34E8A72E7BC1 /* Pods_MovieApp.framework */ = {isa = PBXFileReference; explicitFileType = wrapper.framework; includeInIndex = 0; path = Pods_MovieApp.framework; sourceTree = BUILT_PRODUCTS_DIR; };
		233D1999210C436FB5D51DE1 /* Pods-MovieApp.release.xcconfig */ = {isa = PBXFileReference; includeInIndex = 1; lastKnownFileType = text.xcconfig; name = "Pods-MovieApp.release.xcconfig"; path = "Target Support Files/Pods-MovieApp/Pods-MovieApp.release.xcconfig"; sourceTree = "<group>"; };
		28B13F237BC0397DF8F96435 /* Pods-MovieApp.debug.xcconfig */ = {isa = PBXFileReference; includeInIndex = 1; lastKnownFileType = text.xcconfig; name = "Pods-MovieApp.debug.xcconfig"; path = "Target Support Files/Pods-MovieApp/Pods-MovieApp.debug.xcconfig"; sourceTree = "<group>"; };
		2E30A91B594E598949F417C8 /* Pods_MovieApp_MovieAppUITests.framework */ = {isa = PBXFileReference; explicitFileType = wrapper.framework; includeInIndex = 0; path = Pods_MovieApp_MovieAppUITests.framework; sourceTree = BUILT_PRODUCTS_DIR; };
		470C592C21652311C86F1A3E /* Pods-MovieAppTests.release.xcconfig */ = {isa = PBXFileReference; includeInIndex = 1; lastKnownFileType = text.xcconfig; name = "Pods-MovieAppTests.release.xcconfig"; path = "Target Support Files/Pods-MovieAppTests/Pods-MovieAppTests.release.xcconfig"; sourceTree = "<group>"; };
		48BF5AF427ABADBE00FDE23E /* MovieApp.app */ = {isa = PBXFileReference; explicitFileType = wrapper.application; includeInIndex = 0; path = MovieApp.app; sourceTree = BUILT_PRODUCTS_DIR; };
		48BF5AF727ABADBE00FDE23E /* AppDelegate.swift */ = {isa = PBXFileReference; lastKnownFileType = sourcecode.swift; path = AppDelegate.swift; sourceTree = "<group>"; };
		48BF5AF927ABADBE00FDE23E /* SceneDelegate.swift */ = {isa = PBXFileReference; lastKnownFileType = sourcecode.swift; path = SceneDelegate.swift; sourceTree = "<group>"; };
		48BF5AFB27ABADBE00FDE23E /* ViewController.swift */ = {isa = PBXFileReference; lastKnownFileType = sourcecode.swift; path = ViewController.swift; sourceTree = "<group>"; };
		48BF5AFE27ABADBE00FDE23E /* Base */ = {isa = PBXFileReference; lastKnownFileType = file.storyboard; name = Base; path = Base.lproj/Main.storyboard; sourceTree = "<group>"; };
		48BF5B0027ABADC000FDE23E /* Assets.xcassets */ = {isa = PBXFileReference; lastKnownFileType = folder.assetcatalog; path = Assets.xcassets; sourceTree = "<group>"; };
		48BF5B0327ABADC000FDE23E /* Base */ = {isa = PBXFileReference; lastKnownFileType = file.storyboard; name = Base; path = Base.lproj/LaunchScreen.storyboard; sourceTree = "<group>"; };
		48BF5B0527ABADC000FDE23E /* Info.plist */ = {isa = PBXFileReference; lastKnownFileType = text.plist.xml; path = Info.plist; sourceTree = "<group>"; };
		48BF5B0A27ABADC000FDE23E /* MovieAppTests.xctest */ = {isa = PBXFileReference; explicitFileType = wrapper.cfbundle; includeInIndex = 0; path = MovieAppTests.xctest; sourceTree = BUILT_PRODUCTS_DIR; };
		48BF5B0E27ABADC000FDE23E /* MovieAppTests.swift */ = {isa = PBXFileReference; lastKnownFileType = sourcecode.swift; path = MovieAppTests.swift; sourceTree = "<group>"; };
		48BF5B1427ABADC000FDE23E /* MovieAppUITests.xctest */ = {isa = PBXFileReference; explicitFileType = wrapper.cfbundle; includeInIndex = 0; path = MovieAppUITests.xctest; sourceTree = BUILT_PRODUCTS_DIR; };
		48BF5B1827ABADC000FDE23E /* MovieAppUITests.swift */ = {isa = PBXFileReference; lastKnownFileType = sourcecode.swift; path = MovieAppUITests.swift; sourceTree = "<group>"; };
		48BF5B1A27ABADC000FDE23E /* MovieAppUITestsLaunchTests.swift */ = {isa = PBXFileReference; lastKnownFileType = sourcecode.swift; path = MovieAppUITestsLaunchTests.swift; sourceTree = "<group>"; };
		4B4CDE1193A737746E562144 /* Pods-MovieApp-MovieAppUITests.debug.xcconfig */ = {isa = PBXFileReference; includeInIndex = 1; lastKnownFileType = text.xcconfig; name = "Pods-MovieApp-MovieAppUITests.debug.xcconfig"; path = "Target Support Files/Pods-MovieApp-MovieAppUITests/Pods-MovieApp-MovieAppUITests.debug.xcconfig"; sourceTree = "<group>"; };
		72E789A10F63AD45490E1AE0 /* Pods-MovieApp-MovieAppUITests.release.xcconfig */ = {isa = PBXFileReference; includeInIndex = 1; lastKnownFileType = text.xcconfig; name = "Pods-MovieApp-MovieAppUITests.release.xcconfig"; path = "Target Support Files/Pods-MovieApp-MovieAppUITests/Pods-MovieApp-MovieAppUITests.release.xcconfig"; sourceTree = "<group>"; };
		CA8F8C2F38F88D900839A21D /* Pods_MovieAppTests.framework */ = {isa = PBXFileReference; explicitFileType = wrapper.framework; includeInIndex = 0; path = Pods_MovieAppTests.framework; sourceTree = BUILT_PRODUCTS_DIR; };
		D0CA7800670C2427E8E0D90C /* Pods-MovieAppTests.debug.xcconfig */ = {isa = PBXFileReference; includeInIndex = 1; lastKnownFileType = text.xcconfig; name = "Pods-MovieAppTests.debug.xcconfig"; path = "Target Support Files/Pods-MovieAppTests/Pods-MovieAppTests.debug.xcconfig"; sourceTree = "<group>"; };
/* End PBXFileReference section */

/* Begin PBXFrameworksBuildPhase section */
		48BF5AF127ABADBE00FDE23E /* Frameworks */ = {
			isa = PBXFrameworksBuildPhase;
			buildActionMask = 2147483647;
			files = (
				B647E890365A4DFDE0B7AB9C /* Pods_MovieApp.framework in Frameworks */,
			);
			runOnlyForDeploymentPostprocessing = 0;
		};
		48BF5B0727ABADC000FDE23E /* Frameworks */ = {
			isa = PBXFrameworksBuildPhase;
			buildActionMask = 2147483647;
			files = (
				48AD459BB01C1857D85D9C5B /* Pods_MovieAppTests.framework in Frameworks */,
			);
			runOnlyForDeploymentPostprocessing = 0;
		};
		48BF5B1127ABADC000FDE23E /* Frameworks */ = {
			isa = PBXFrameworksBuildPhase;
			buildActionMask = 2147483647;
			files = (
				06F32F7028D1D443516531FE /* Pods_MovieApp_MovieAppUITests.framework in Frameworks */,
			);
			runOnlyForDeploymentPostprocessing = 0;
		};
/* End PBXFrameworksBuildPhase section */

/* Begin PBXGroup section */
		48BF5AEB27ABADBE00FDE23E = {
			isa = PBXGroup;
			children = (
				48BF5AF627ABADBE00FDE23E /* MovieApp */,
				48BF5B0D27ABADC000FDE23E /* MovieAppTests */,
				48BF5B1727ABADC000FDE23E /* MovieAppUITests */,
				48BF5AF527ABADBE00FDE23E /* Products */,
				7BA5DBDBFF2D570996EE3CB2 /* Pods */,
				DA0F3470F248831C3BE79F1F /* Frameworks */,
			);
			sourceTree = "<group>";
		};
		48BF5AF527ABADBE00FDE23E /* Products */ = {
			isa = PBXGroup;
			children = (
				48BF5AF427ABADBE00FDE23E /* MovieApp.app */,
				48BF5B0A27ABADC000FDE23E /* MovieAppTests.xctest */,
				48BF5B1427ABADC000FDE23E /* MovieAppUITests.xctest */,
			);
			name = Products;
			sourceTree = "<group>";
		};
		48BF5AF627ABADBE00FDE23E /* MovieApp */ = {
			isa = PBXGroup;
			children = (
				48BF5AF727ABADBE00FDE23E /* AppDelegate.swift */,
				48BF5AF927ABADBE00FDE23E /* SceneDelegate.swift */,
				48BF5AFB27ABADBE00FDE23E /* ViewController.swift */,
				48BF5AFD27ABADBE00FDE23E /* Main.storyboard */,
				48BF5B0027ABADC000FDE23E /* Assets.xcassets */,
				48BF5B0227ABADC000FDE23E /* LaunchScreen.storyboard */,
				48BF5B0527ABADC000FDE23E /* Info.plist */,
			);
			path = MovieApp;
			sourceTree = "<group>";
		};
		48BF5B0D27ABADC000FDE23E /* MovieAppTests */ = {
			isa = PBXGroup;
			children = (
				48BF5B0E27ABADC000FDE23E /* MovieAppTests.swift */,
			);
			path = MovieAppTests;
			sourceTree = "<group>";
		};
		48BF5B1727ABADC000FDE23E /* MovieAppUITests */ = {
			isa = PBXGroup;
			children = (
				48BF5B1827ABADC000FDE23E /* MovieAppUITests.swift */,
				48BF5B1A27ABADC000FDE23E /* MovieAppUITestsLaunchTests.swift */,
			);
			path = MovieAppUITests;
			sourceTree = "<group>";
		};
		7BA5DBDBFF2D570996EE3CB2 /* Pods */ = {
			isa = PBXGroup;
			children = (
				28B13F237BC0397DF8F96435 /* Pods-MovieApp.debug.xcconfig */,
				233D1999210C436FB5D51DE1 /* Pods-MovieApp.release.xcconfig */,
				4B4CDE1193A737746E562144 /* Pods-MovieApp-MovieAppUITests.debug.xcconfig */,
				72E789A10F63AD45490E1AE0 /* Pods-MovieApp-MovieAppUITests.release.xcconfig */,
				D0CA7800670C2427E8E0D90C /* Pods-MovieAppTests.debug.xcconfig */,
				470C592C21652311C86F1A3E /* Pods-MovieAppTests.release.xcconfig */,
			);
			name = Pods;
			path = Pods;
			sourceTree = "<group>";
		};
		DA0F3470F248831C3BE79F1F /* Frameworks */ = {
			isa = PBXGroup;
			children = (
				066156AF056B34E8A72E7BC1 /* Pods_MovieApp.framework */,
				2E30A91B594E598949F417C8 /* Pods_MovieApp_MovieAppUITests.framework */,
				CA8F8C2F38F88D900839A21D /* Pods_MovieAppTests.framework */,
			);
			name = Frameworks;
			sourceTree = "<group>";
		};
/* End PBXGroup section */

/* Begin PBXNativeTarget section */
		48BF5AF327ABADBE00FDE23E /* MovieApp */ = {
			isa = PBXNativeTarget;
			buildConfigurationList = 48BF5B1E27ABADC000FDE23E /* Build configuration list for PBXNativeTarget "MovieApp" */;
			buildPhases = (
				93D9452FC75155752DFC6814 /* [CP] Check Pods Manifest.lock */,
				48BF5AF027ABADBE00FDE23E /* Sources */,
				48BF5AF127ABADBE00FDE23E /* Frameworks */,
				48BF5AF227ABADBE00FDE23E /* Resources */,
				FDAA99A537A55DB7B8D0C525 /* [XCRC] Postbuild */,
			);
			buildRules = (
			);
			dependencies = (
			);
			name = MovieApp;
			productName = MovieApp;
			productReference = 48BF5AF427ABADBE00FDE23E /* MovieApp.app */;
			productType = "com.apple.product-type.application";
		};
		48BF5B0927ABADC000FDE23E /* MovieAppTests */ = {
			isa = PBXNativeTarget;
			buildConfigurationList = 48BF5B2127ABADC000FDE23E /* Build configuration list for PBXNativeTarget "MovieAppTests" */;
			buildPhases = (
				F2B0F989E917DC6C04044196 /* [CP] Check Pods Manifest.lock */,
				48BF5B0627ABADC000FDE23E /* Sources */,
				48BF5B0727ABADC000FDE23E /* Frameworks */,
				48BF5B0827ABADC000FDE23E /* Resources */,
				DF06F94663DA3BD3FCEA850B /* [XCRC] Postbuild */,
			);
			buildRules = (
			);
			dependencies = (
				48BF5B0C27ABADC000FDE23E /* PBXTargetDependency */,
			);
			name = MovieAppTests;
			productName = MovieAppTests;
			productReference = 48BF5B0A27ABADC000FDE23E /* MovieAppTests.xctest */;
			productType = "com.apple.product-type.bundle.unit-test";
		};
		48BF5B1327ABADC000FDE23E /* MovieAppUITests */ = {
			isa = PBXNativeTarget;
			buildConfigurationList = 48BF5B2427ABADC000FDE23E /* Build configuration list for PBXNativeTarget "MovieAppUITests" */;
			buildPhases = (
				6EA654FC0FDBFDD2342DA8D3 /* [CP] Check Pods Manifest.lock */,
				48BF5B1027ABADC000FDE23E /* Sources */,
				48BF5B1127ABADC000FDE23E /* Frameworks */,
				48BF5B1227ABADC000FDE23E /* Resources */,
				6FF7770BE5C183AFA8821749 /* [XCRC] Postbuild */,
			);
			buildRules = (
			);
			dependencies = (
				48BF5B1627ABADC000FDE23E /* PBXTargetDependency */,
			);
			name = MovieAppUITests;
			productName = MovieAppUITests;
			productReference = 48BF5B1427ABADC000FDE23E /* MovieAppUITests.xctest */;
			productType = "com.apple.product-type.bundle.ui-testing";
		};
/* End PBXNativeTarget section */

/* Begin PBXProject section */
		48BF5AEC27ABADBE00FDE23E /* Project object */ = {
			isa = PBXProject;
			attributes = {
				BuildIndependentTargetsInParallel = 1;
				LastSwiftUpdateCheck = 1310;
				LastUpgradeCheck = 1310;
				TargetAttributes = {
					48BF5AF327ABADBE00FDE23E = {
						CreatedOnToolsVersion = 13.1;
					};
					48BF5B0927ABADC000FDE23E = {
						CreatedOnToolsVersion = 13.1;
						TestTargetID = 48BF5AF327ABADBE00FDE23E;
					};
					48BF5B1327ABADC000FDE23E = {
						CreatedOnToolsVersion = 13.1;
						TestTargetID = 48BF5AF327ABADBE00FDE23E;
					};
				};
			};
			buildConfigurationList = 48BF5AEF27ABADBE00FDE23E /* Build configuration list for PBXProject "MovieApp" */;
			compatibilityVersion = "Xcode 13.0";
			developmentRegion = en;
			hasScannedForEncodings = 0;
			knownRegions = (
				en,
				Base,
			);
			mainGroup = 48BF5AEB27ABADBE00FDE23E;
			productRefGroup = 48BF5AF527ABADBE00FDE23E /* Products */;
			projectDirPath = "";
			projectRoot = "";
			targets = (
				48BF5AF327ABADBE00FDE23E /* MovieApp */,
				48BF5B0927ABADC000FDE23E /* MovieAppTests */,
				48BF5B1327ABADC000FDE23E /* MovieAppUITests */,
			);
		};
/* End PBXProject section */

/* Begin PBXResourcesBuildPhase section */
		48BF5AF227ABADBE00FDE23E /* Resources */ = {
			isa = PBXResourcesBuildPhase;
			buildActionMask = 2147483647;
			files = (
				48BF5B0427ABADC000FDE23E /* LaunchScreen.storyboard in Resources */,
				48BF5B0127ABADC000FDE23E /* Assets.xcassets in Resources */,
				48BF5AFF27ABADBE00FDE23E /* Main.storyboard in Resources */,
			);
			runOnlyForDeploymentPostprocessing = 0;
		};
		48BF5B0827ABADC000FDE23E /* Resources */ = {
			isa = PBXResourcesBuildPhase;
			buildActionMask = 2147483647;
			files = (
			);
			runOnlyForDeploymentPostprocessing = 0;
		};
		48BF5B1227ABADC000FDE23E /* Resources */ = {
			isa = PBXResourcesBuildPhase;
			buildActionMask = 2147483647;
			files = (
			);
			runOnlyForDeploymentPostprocessing = 0;
		};
/* End PBXResourcesBuildPhase section */

/* Begin PBXShellScriptBuildPhase section */
		6EA654FC0FDBFDD2342DA8D3 /* [CP] Check Pods Manifest.lock */ = {
			isa = PBXShellScriptBuildPhase;
			buildActionMask = 2147483647;
			files = (
			);
			inputFileListPaths = (
			);
			inputPaths = (
				"${PODS_PODFILE_DIR_PATH}/Podfile.lock",
				"${PODS_ROOT}/Manifest.lock",
			);
			name = "[CP] Check Pods Manifest.lock";
			outputFileListPaths = (
			);
			outputPaths = (
				"$(DERIVED_FILE_DIR)/Pods-MovieApp-MovieAppUITests-checkManifestLockResult.txt",
			);
			runOnlyForDeploymentPostprocessing = 0;
			shellPath = /bin/sh;
			shellScript = "diff \"${PODS_PODFILE_DIR_PATH}/Podfile.lock\" \"${PODS_ROOT}/Manifest.lock\" > /dev/null\nif [ $? != 0 ] ; then\n    # print error to STDERR\n    echo \"error: The sandbox is not in sync with the Podfile.lock. Run 'pod install' or update your CocoaPods installation.\" >&2\n    exit 1\nfi\n# This output is used by Xcode 'outputs' to avoid re-running this script phase.\necho \"SUCCESS\" > \"${SCRIPT_OUTPUT_FILE_0}\"\n";
			showEnvVarsInLog = 0;
		};
		6FF7770BE5C183AFA8821749 /* [XCRC] Postbuild */ = {
			isa = PBXShellScriptBuildPhase;
			buildActionMask = 2147483647;
			dependencyFile = "$(TARGET_TEMP_DIR)/postbuild.d";
			files = (
			);
			inputFileListPaths = (
			);
			inputPaths = (
				"$SRCROOT/../tools/xcremotecache/xcpostbuild",
			);
			name = "[XCRC] Postbuild";
			outputFileListPaths = (
			);
			outputPaths = (
				"$(TARGET_BUILD_DIR)/$(MODULES_FOLDER_PATH)/$(PRODUCT_MODULE_NAME).swiftmodule/$(XCRC_PLATFORM_PREFERRED_ARCH).swiftmodule.md5",
				"$(TARGET_BUILD_DIR)/$(MODULES_FOLDER_PATH)/$(PRODUCT_MODULE_NAME).swiftmodule/$(XCRC_PLATFORM_PREFERRED_ARCH)-$(LLVM_TARGET_TRIPLE_VENDOR)-$(SWIFT_PLATFORM_TARGET_PREFIX)$(LLVM_TARGET_TRIPLE_SUFFIX).swiftmodule.md5",
			);
			runOnlyForDeploymentPostprocessing = 0;
			shellPath = /bin/sh;
			shellScript = "\"$SCRIPT_INPUT_FILE_0\"";
		};
		93D9452FC75155752DFC6814 /* [CP] Check Pods Manifest.lock */ = {
			isa = PBXShellScriptBuildPhase;
			buildActionMask = 2147483647;
			files = (
			);
			inputFileListPaths = (
			);
			inputPaths = (
				"${PODS_PODFILE_DIR_PATH}/Podfile.lock",
				"${PODS_ROOT}/Manifest.lock",
			);
			name = "[CP] Check Pods Manifest.lock";
			outputFileListPaths = (
			);
			outputPaths = (
				"$(DERIVED_FILE_DIR)/Pods-MovieApp-checkManifestLockResult.txt",
			);
			runOnlyForDeploymentPostprocessing = 0;
			shellPath = /bin/sh;
			shellScript = "diff \"${PODS_PODFILE_DIR_PATH}/Podfile.lock\" \"${PODS_ROOT}/Manifest.lock\" > /dev/null\nif [ $? != 0 ] ; then\n    # print error to STDERR\n    echo \"error: The sandbox is not in sync with the Podfile.lock. Run 'pod install' or update your CocoaPods installation.\" >&2\n    exit 1\nfi\n# This output is used by Xcode 'outputs' to avoid re-running this script phase.\necho \"SUCCESS\" > \"${SCRIPT_OUTPUT_FILE_0}\"\n";
			showEnvVarsInLog = 0;
		};
		DF06F94663DA3BD3FCEA850B /* [XCRC] Postbuild */ = {
			isa = PBXShellScriptBuildPhase;
			buildActionMask = 2147483647;
			dependencyFile = "$(TARGET_TEMP_DIR)/postbuild.d";
			files = (
			);
			inputFileListPaths = (
			);
			inputPaths = (
				"$SRCROOT/../tools/xcremotecache/xcpostbuild",
			);
			name = "[XCRC] Postbuild";
			outputFileListPaths = (
			);
			outputPaths = (
				"$(TARGET_BUILD_DIR)/$(MODULES_FOLDER_PATH)/$(PRODUCT_MODULE_NAME).swiftmodule/$(XCRC_PLATFORM_PREFERRED_ARCH).swiftmodule.md5",
				"$(TARGET_BUILD_DIR)/$(MODULES_FOLDER_PATH)/$(PRODUCT_MODULE_NAME).swiftmodule/$(XCRC_PLATFORM_PREFERRED_ARCH)-$(LLVM_TARGET_TRIPLE_VENDOR)-$(SWIFT_PLATFORM_TARGET_PREFIX)$(LLVM_TARGET_TRIPLE_SUFFIX).swiftmodule.md5",
			);
			runOnlyForDeploymentPostprocessing = 0;
			shellPath = /bin/sh;
			shellScript = "\"$SCRIPT_INPUT_FILE_0\"";
		};
		F2B0F989E917DC6C04044196 /* [CP] Check Pods Manifest.lock */ = {
			isa = PBXShellScriptBuildPhase;
			buildActionMask = 2147483647;
			files = (
			);
			inputFileListPaths = (
			);
			inputPaths = (
				"${PODS_PODFILE_DIR_PATH}/Podfile.lock",
				"${PODS_ROOT}/Manifest.lock",
			);
			name = "[CP] Check Pods Manifest.lock";
			outputFileListPaths = (
			);
			outputPaths = (
				"$(DERIVED_FILE_DIR)/Pods-MovieAppTests-checkManifestLockResult.txt",
			);
			runOnlyForDeploymentPostprocessing = 0;
			shellPath = /bin/sh;
			shellScript = "diff \"${PODS_PODFILE_DIR_PATH}/Podfile.lock\" \"${PODS_ROOT}/Manifest.lock\" > /dev/null\nif [ $? != 0 ] ; then\n    # print error to STDERR\n    echo \"error: The sandbox is not in sync with the Podfile.lock. Run 'pod install' or update your CocoaPods installation.\" >&2\n    exit 1\nfi\n# This output is used by Xcode 'outputs' to avoid re-running this script phase.\necho \"SUCCESS\" > \"${SCRIPT_OUTPUT_FILE_0}\"\n";
			showEnvVarsInLog = 0;
		};
		FDAA99A537A55DB7B8D0C525 /* [XCRC] Postbuild */ = {
			isa = PBXShellScriptBuildPhase;
			buildActionMask = 2147483647;
			dependencyFile = "$(TARGET_TEMP_DIR)/postbuild.d";
			files = (
			);
			inputFileListPaths = (
			);
			inputPaths = (
				"$SRCROOT/../tools/xcremotecache/xcpostbuild",
			);
			name = "[XCRC] Postbuild";
			outputFileListPaths = (
			);
			outputPaths = (
				"$(TARGET_BUILD_DIR)/$(MODULES_FOLDER_PATH)/$(PRODUCT_MODULE_NAME).swiftmodule/$(XCRC_PLATFORM_PREFERRED_ARCH).swiftmodule.md5",
				"$(TARGET_BUILD_DIR)/$(MODULES_FOLDER_PATH)/$(PRODUCT_MODULE_NAME).swiftmodule/$(XCRC_PLATFORM_PREFERRED_ARCH)-$(LLVM_TARGET_TRIPLE_VENDOR)-$(SWIFT_PLATFORM_TARGET_PREFIX)$(LLVM_TARGET_TRIPLE_SUFFIX).swiftmodule.md5",
			);
			runOnlyForDeploymentPostprocessing = 0;
			shellPath = /bin/sh;
			shellScript = "\"$SCRIPT_INPUT_FILE_0\"";
		};
/* End PBXShellScriptBuildPhase section */

/* Begin PBXSourcesBuildPhase section */
		48BF5AF027ABADBE00FDE23E /* Sources */ = {
			isa = PBXSourcesBuildPhase;
			buildActionMask = 2147483647;
			files = (
				48BF5AFC27ABADBE00FDE23E /* ViewController.swift in Sources */,
				48BF5AF827ABADBE00FDE23E /* AppDelegate.swift in Sources */,
				48BF5AFA27ABADBE00FDE23E /* SceneDelegate.swift in Sources */,
			);
			runOnlyForDeploymentPostprocessing = 0;
		};
		48BF5B0627ABADC000FDE23E /* Sources */ = {
			isa = PBXSourcesBuildPhase;
			buildActionMask = 2147483647;
			files = (
				48BF5B0F27ABADC000FDE23E /* MovieAppTests.swift in Sources */,
			);
			runOnlyForDeploymentPostprocessing = 0;
		};
		48BF5B1027ABADC000FDE23E /* Sources */ = {
			isa = PBXSourcesBuildPhase;
			buildActionMask = 2147483647;
			files = (
				48BF5B1B27ABADC000FDE23E /* MovieAppUITestsLaunchTests.swift in Sources */,
				48BF5B1927ABADC000FDE23E /* MovieAppUITests.swift in Sources */,
			);
			runOnlyForDeploymentPostprocessing = 0;
		};
/* End PBXSourcesBuildPhase section */

/* Begin PBXTargetDependency section */
		48BF5B0C27ABADC000FDE23E /* PBXTargetDependency */ = {
			isa = PBXTargetDependency;
			target = 48BF5AF327ABADBE00FDE23E /* MovieApp */;
			targetProxy = 48BF5B0B27ABADC000FDE23E /* PBXContainerItemProxy */;
		};
		48BF5B1627ABADC000FDE23E /* PBXTargetDependency */ = {
			isa = PBXTargetDependency;
			target = 48BF5AF327ABADBE00FDE23E /* MovieApp */;
			targetProxy = 48BF5B1527ABADC000FDE23E /* PBXContainerItemProxy */;
		};
/* End PBXTargetDependency section */

/* Begin PBXVariantGroup section */
		48BF5AFD27ABADBE00FDE23E /* Main.storyboard */ = {
			isa = PBXVariantGroup;
			children = (
				48BF5AFE27ABADBE00FDE23E /* Base */,
			);
			name = Main.storyboard;
			sourceTree = "<group>";
		};
		48BF5B0227ABADC000FDE23E /* LaunchScreen.storyboard */ = {
			isa = PBXVariantGroup;
			children = (
				48BF5B0327ABADC000FDE23E /* Base */,
			);
			name = LaunchScreen.storyboard;
			sourceTree = "<group>";
		};
/* End PBXVariantGroup section */

/* Begin XCBuildConfiguration section */
		48BF5B1C27ABADC000FDE23E /* Debug */ = {
			isa = XCBuildConfiguration;
			buildSettings = {
				ALWAYS_SEARCH_USER_PATHS = NO;
				CLANG_ANALYZER_NONNULL = YES;
				CLANG_ANALYZER_NUMBER_OBJECT_CONVERSION = YES_AGGRESSIVE;
				CLANG_CXX_LANGUAGE_STANDARD = "gnu++17";
				CLANG_CXX_LIBRARY = "libc++";
				CLANG_ENABLE_MODULES = YES;
				CLANG_ENABLE_OBJC_ARC = YES;
				CLANG_ENABLE_OBJC_WEAK = YES;
				CLANG_WARN_BLOCK_CAPTURE_AUTORELEASING = YES;
				CLANG_WARN_BOOL_CONVERSION = YES;
				CLANG_WARN_COMMA = YES;
				CLANG_WARN_CONSTANT_CONVERSION = YES;
				CLANG_WARN_DEPRECATED_OBJC_IMPLEMENTATIONS = YES;
				CLANG_WARN_DIRECT_OBJC_ISA_USAGE = YES_ERROR;
				CLANG_WARN_DOCUMENTATION_COMMENTS = YES;
				CLANG_WARN_EMPTY_BODY = YES;
				CLANG_WARN_ENUM_CONVERSION = YES;
				CLANG_WARN_INFINITE_RECURSION = YES;
				CLANG_WARN_INT_CONVERSION = YES;
				CLANG_WARN_NON_LITERAL_NULL_CONVERSION = YES;
				CLANG_WARN_OBJC_IMPLICIT_RETAIN_SELF = YES;
				CLANG_WARN_OBJC_LITERAL_CONVERSION = YES;
				CLANG_WARN_OBJC_ROOT_CLASS = YES_ERROR;
				CLANG_WARN_QUOTED_INCLUDE_IN_FRAMEWORK_HEADER = YES;
				CLANG_WARN_RANGE_LOOP_ANALYSIS = YES;
				CLANG_WARN_STRICT_PROTOTYPES = YES;
				CLANG_WARN_SUSPICIOUS_MOVE = YES;
				CLANG_WARN_UNGUARDED_AVAILABILITY = YES_AGGRESSIVE;
				CLANG_WARN_UNREACHABLE_CODE = YES;
				CLANG_WARN__DUPLICATE_METHOD_MATCH = YES;
				COPY_PHASE_STRIP = NO;
				DEBUG_INFORMATION_FORMAT = dwarf;
				ENABLE_STRICT_OBJC_MSGSEND = YES;
				ENABLE_TESTABILITY = YES;
				GCC_C_LANGUAGE_STANDARD = gnu11;
				GCC_DYNAMIC_NO_PIC = NO;
				GCC_NO_COMMON_BLOCKS = YES;
				GCC_OPTIMIZATION_LEVEL = 0;
				GCC_PREPROCESSOR_DEFINITIONS = (
					"DEBUG=1",
					"$(inherited)",
				);
				GCC_WARN_64_TO_32_BIT_CONVERSION = YES;
				GCC_WARN_ABOUT_RETURN_TYPE = YES_ERROR;
				GCC_WARN_UNDECLARED_SELECTOR = YES;
				GCC_WARN_UNINITIALIZED_AUTOS = YES_AGGRESSIVE;
				GCC_WARN_UNUSED_FUNCTION = YES;
				GCC_WARN_UNUSED_VARIABLE = YES;
				IPHONEOS_DEPLOYMENT_TARGET = 15.0;
				MTL_ENABLE_DEBUG_INFO = INCLUDE_SOURCE;
				MTL_FAST_MATH = YES;
				ONLY_ACTIVE_ARCH = YES;
				SDKROOT = iphoneos;
				SWIFT_ACTIVE_COMPILATION_CONDITIONS = DEBUG;
				SWIFT_OPTIMIZATION_LEVEL = "-Onone";
			};
			name = Debug;
		};
		48BF5B1D27ABADC000FDE23E /* Release */ = {
			isa = XCBuildConfiguration;
			buildSettings = {
				ALWAYS_SEARCH_USER_PATHS = NO;
				CLANG_ANALYZER_NONNULL = YES;
				CLANG_ANALYZER_NUMBER_OBJECT_CONVERSION = YES_AGGRESSIVE;
				CLANG_CXX_LANGUAGE_STANDARD = "gnu++17";
				CLANG_CXX_LIBRARY = "libc++";
				CLANG_ENABLE_MODULES = YES;
				CLANG_ENABLE_OBJC_ARC = YES;
				CLANG_ENABLE_OBJC_WEAK = YES;
				CLANG_WARN_BLOCK_CAPTURE_AUTORELEASING = YES;
				CLANG_WARN_BOOL_CONVERSION = YES;
				CLANG_WARN_COMMA = YES;
				CLANG_WARN_CONSTANT_CONVERSION = YES;
				CLANG_WARN_DEPRECATED_OBJC_IMPLEMENTATIONS = YES;
				CLANG_WARN_DIRECT_OBJC_ISA_USAGE = YES_ERROR;
				CLANG_WARN_DOCUMENTATION_COMMENTS = YES;
				CLANG_WARN_EMPTY_BODY = YES;
				CLANG_WARN_ENUM_CONVERSION = YES;
				CLANG_WARN_INFINITE_RECURSION = YES;
				CLANG_WARN_INT_CONVERSION = YES;
				CLANG_WARN_NON_LITERAL_NULL_CONVERSION = YES;
				CLANG_WARN_OBJC_IMPLICIT_RETAIN_SELF = YES;
				CLANG_WARN_OBJC_LITERAL_CONVERSION = YES;
				CLANG_WARN_OBJC_ROOT_CLASS = YES_ERROR;
				CLANG_WARN_QUOTED_INCLUDE_IN_FRAMEWORK_HEADER = YES;
				CLANG_WARN_RANGE_LOOP_ANALYSIS = YES;
				CLANG_WARN_STRICT_PROTOTYPES = YES;
				CLANG_WARN_SUSPICIOUS_MOVE = YES;
				CLANG_WARN_UNGUARDED_AVAILABILITY = YES_AGGRESSIVE;
				CLANG_WARN_UNREACHABLE_CODE = YES;
				CLANG_WARN__DUPLICATE_METHOD_MATCH = YES;
				COPY_PHASE_STRIP = NO;
				DEBUG_INFORMATION_FORMAT = "dwarf-with-dsym";
				ENABLE_NS_ASSERTIONS = NO;
				ENABLE_STRICT_OBJC_MSGSEND = YES;
				GCC_C_LANGUAGE_STANDARD = gnu11;
				GCC_NO_COMMON_BLOCKS = YES;
				GCC_WARN_64_TO_32_BIT_CONVERSION = YES;
				GCC_WARN_ABOUT_RETURN_TYPE = YES_ERROR;
				GCC_WARN_UNDECLARED_SELECTOR = YES;
				GCC_WARN_UNINITIALIZED_AUTOS = YES_AGGRESSIVE;
				GCC_WARN_UNUSED_FUNCTION = YES;
				GCC_WARN_UNUSED_VARIABLE = YES;
				IPHONEOS_DEPLOYMENT_TARGET = 15.0;
				MTL_ENABLE_DEBUG_INFO = NO;
				MTL_FAST_MATH = YES;
				SDKROOT = iphoneos;
				SWIFT_COMPILATION_MODE = wholemodule;
				SWIFT_OPTIMIZATION_LEVEL = "-O";
				VALIDATE_PRODUCT = YES;
			};
			name = Release;
		};
		48BF5B1F27ABADC000FDE23E /* Debug */ = {
			isa = XCBuildConfiguration;
			baseConfigurationReference = 28B13F237BC0397DF8F96435 /* Pods-MovieApp.debug.xcconfig */;
			buildSettings = {
				ASSETCATALOG_COMPILER_APPICON_NAME = AppIcon;
				ASSETCATALOG_COMPILER_GLOBAL_ACCENT_COLOR_NAME = AccentColor;
				CODE_SIGN_STYLE = Automatic;
				CURRENT_PROJECT_VERSION = 1;
				DEVELOPMENT_TEAM = RD7TLJ6X49;
				GENERATE_INFOPLIST_FILE = YES;
				INFOPLIST_FILE = MovieApp/Info.plist;
				INFOPLIST_KEY_UIApplicationSupportsIndirectInputEvents = YES;
				INFOPLIST_KEY_UILaunchStoryboardName = LaunchScreen;
				INFOPLIST_KEY_UIMainStoryboardFile = Main;
				INFOPLIST_KEY_UISupportedInterfaceOrientations_iPad = "UIInterfaceOrientationPortrait UIInterfaceOrientationPortraitUpsideDown UIInterfaceOrientationLandscapeLeft UIInterfaceOrientationLandscapeRight";
				INFOPLIST_KEY_UISupportedInterfaceOrientations_iPhone = "UIInterfaceOrientationPortrait UIInterfaceOrientationLandscapeLeft UIInterfaceOrientationLandscapeRight";
				LD = "$SRCROOT/../tools/xcremotecache/xcld";
				LD_RUNPATH_SEARCH_PATHS = (
					"$(inherited)",
					"@executable_path/Frameworks",
				);
				LIBTOOL = "$SRCROOT/../tools/xcremotecache/xclibtool";
				MARKETING_VERSION = 1.0;
				OTHER_CFLAGS = (
					"$(inherited)",
					"-fdebug-prefix-map=$(SRCROOT)=$(XCREMOTE_CACHE_FAKE_SRCROOT)",
				);
				OTHER_SWIFT_FLAGS = "$(inherited) -debug-prefix-map $(SRCROOT)=$(XCREMOTE_CACHE_FAKE_SRCROOT)";
				PRODUCT_BUNDLE_IDENTIFIER = com.dwirandyh.MovieApp;
				PRODUCT_NAME = "$(TARGET_NAME)";
				SWIFT_EMIT_LOC_STRINGS = YES;
				SWIFT_EXEC = "$SRCROOT/../tools/xcremotecache/xcswiftc";
				SWIFT_VERSION = 5.0;
				TARGETED_DEVICE_FAMILY = "1,2";
				XCRC_PLATFORM_PREFERRED_ARCH = "$(LINK_FILE_LIST_$(CURRENT_VARIANT)_$(PLATFORM_PREFERRED_ARCH):dir:standardizepath:file:default=arm64)";
				XCREMOTE_CACHE_FAKE_SRCROOT = /xxxxxxxxxx;
			};
			name = Debug;
		};
		48BF5B2027ABADC000FDE23E /* Release */ = {
			isa = XCBuildConfiguration;
			baseConfigurationReference = 233D1999210C436FB5D51DE1 /* Pods-MovieApp.release.xcconfig */;
			buildSettings = {
				ASSETCATALOG_COMPILER_APPICON_NAME = AppIcon;
				ASSETCATALOG_COMPILER_GLOBAL_ACCENT_COLOR_NAME = AccentColor;
				CODE_SIGN_STYLE = Automatic;
				CURRENT_PROJECT_VERSION = 1;
				DEVELOPMENT_TEAM = RD7TLJ6X49;
				GENERATE_INFOPLIST_FILE = YES;
				INFOPLIST_FILE = MovieApp/Info.plist;
				INFOPLIST_KEY_UIApplicationSupportsIndirectInputEvents = YES;
				INFOPLIST_KEY_UILaunchStoryboardName = LaunchScreen;
				INFOPLIST_KEY_UIMainStoryboardFile = Main;
				INFOPLIST_KEY_UISupportedInterfaceOrientations_iPad = "UIInterfaceOrientationPortrait UIInterfaceOrientationPortraitUpsideDown UIInterfaceOrientationLandscapeLeft UIInterfaceOrientationLandscapeRight";
				INFOPLIST_KEY_UISupportedInterfaceOrientations_iPhone = "UIInterfaceOrientationPortrait UIInterfaceOrientationLandscapeLeft UIInterfaceOrientationLandscapeRight";
				LD = "$SRCROOT/../tools/xcremotecache/xcld";
				LD_RUNPATH_SEARCH_PATHS = (
					"$(inherited)",
					"@executable_path/Frameworks",
				);
				LIBTOOL = "$SRCROOT/../tools/xcremotecache/xclibtool";
				MARKETING_VERSION = 1.0;
				OTHER_CFLAGS = (
					"$(inherited)",
					"-fdebug-prefix-map=$(SRCROOT)=$(XCREMOTE_CACHE_FAKE_SRCROOT)",
				);
				OTHER_SWIFT_FLAGS = "$(inherited) -debug-prefix-map $(SRCROOT)=$(XCREMOTE_CACHE_FAKE_SRCROOT)";
				PRODUCT_BUNDLE_IDENTIFIER = com.dwirandyh.MovieApp;
				PRODUCT_NAME = "$(TARGET_NAME)";
				SWIFT_EMIT_LOC_STRINGS = YES;
				SWIFT_EXEC = "$SRCROOT/../tools/xcremotecache/xcswiftc";
				SWIFT_VERSION = 5.0;
				TARGETED_DEVICE_FAMILY = "1,2";
				XCRC_PLATFORM_PREFERRED_ARCH = "$(LINK_FILE_LIST_$(CURRENT_VARIANT)_$(PLATFORM_PREFERRED_ARCH):dir:standardizepath:file:default=arm64)";
				XCREMOTE_CACHE_FAKE_SRCROOT = /xxxxxxxxxx;
			};
			name = Release;
		};
		48BF5B2227ABADC000FDE23E /* Debug */ = {
			isa = XCBuildConfiguration;
			baseConfigurationReference = D0CA7800670C2427E8E0D90C /* Pods-MovieAppTests.debug.xcconfig */;
			buildSettings = {
				ALWAYS_EMBED_SWIFT_STANDARD_LIBRARIES = YES;
				BUNDLE_LOADER = "$(TEST_HOST)";
				CODE_SIGN_STYLE = Automatic;
				CURRENT_PROJECT_VERSION = 1;
				DEVELOPMENT_TEAM = RD7TLJ6X49;
				GENERATE_INFOPLIST_FILE = YES;
				IPHONEOS_DEPLOYMENT_TARGET = 15.0;
				LD = "$SRCROOT/../tools/xcremotecache/xcld";
				LD_RUNPATH_SEARCH_PATHS = (
					"$(inherited)",
					"@executable_path/Frameworks",
					"@loader_path/Frameworks",
				);
				LIBTOOL = "$SRCROOT/../tools/xcremotecache/xclibtool";
				MARKETING_VERSION = 1.0;
				OTHER_CFLAGS = (
					"$(inherited)",
					"-fdebug-prefix-map=$(SRCROOT)=$(XCREMOTE_CACHE_FAKE_SRCROOT)",
				);
				OTHER_SWIFT_FLAGS = "$(inherited) -debug-prefix-map $(SRCROOT)=$(XCREMOTE_CACHE_FAKE_SRCROOT)";
				PRODUCT_BUNDLE_IDENTIFIER = com.dwirandyh.MovieAppTests;
				PRODUCT_NAME = "$(TARGET_NAME)";
				SWIFT_EMIT_LOC_STRINGS = NO;
				SWIFT_EXEC = "$SRCROOT/../tools/xcremotecache/xcswiftc";
				SWIFT_VERSION = 5.0;
				TARGETED_DEVICE_FAMILY = "1,2";
				TEST_HOST = "$(BUILT_PRODUCTS_DIR)/MovieApp.app/MovieApp";
				XCRC_PLATFORM_PREFERRED_ARCH = "$(LINK_FILE_LIST_$(CURRENT_VARIANT)_$(PLATFORM_PREFERRED_ARCH):dir:standardizepath:file:default=arm64)";
				XCREMOTE_CACHE_FAKE_SRCROOT = /xxxxxxxxxx;
			};
			name = Debug;
		};
		48BF5B2327ABADC000FDE23E /* Release */ = {
			isa = XCBuildConfiguration;
			baseConfigurationReference = 470C592C21652311C86F1A3E /* Pods-MovieAppTests.release.xcconfig */;
			buildSettings = {
				ALWAYS_EMBED_SWIFT_STANDARD_LIBRARIES = YES;
				BUNDLE_LOADER = "$(TEST_HOST)";
				CODE_SIGN_STYLE = Automatic;
				CURRENT_PROJECT_VERSION = 1;
				DEVELOPMENT_TEAM = RD7TLJ6X49;
				GENERATE_INFOPLIST_FILE = YES;
				IPHONEOS_DEPLOYMENT_TARGET = 15.0;
				LD = "$SRCROOT/../tools/xcremotecache/xcld";
				LD_RUNPATH_SEARCH_PATHS = (
					"$(inherited)",
					"@executable_path/Frameworks",
					"@loader_path/Frameworks",
				);
				LIBTOOL = "$SRCROOT/../tools/xcremotecache/xclibtool";
				MARKETING_VERSION = 1.0;
				OTHER_CFLAGS = (
					"$(inherited)",
					"-fdebug-prefix-map=$(SRCROOT)=$(XCREMOTE_CACHE_FAKE_SRCROOT)",
				);
				OTHER_SWIFT_FLAGS = "$(inherited) -debug-prefix-map $(SRCROOT)=$(XCREMOTE_CACHE_FAKE_SRCROOT)";
				PRODUCT_BUNDLE_IDENTIFIER = com.dwirandyh.MovieAppTests;
				PRODUCT_NAME = "$(TARGET_NAME)";
				SWIFT_EMIT_LOC_STRINGS = NO;
				SWIFT_EXEC = "$SRCROOT/../tools/xcremotecache/xcswiftc";
				SWIFT_VERSION = 5.0;
				TARGETED_DEVICE_FAMILY = "1,2";
				TEST_HOST = "$(BUILT_PRODUCTS_DIR)/MovieApp.app/MovieApp";
				XCRC_PLATFORM_PREFERRED_ARCH = "$(LINK_FILE_LIST_$(CURRENT_VARIANT)_$(PLATFORM_PREFERRED_ARCH):dir:standardizepath:file:default=arm64)";
				XCREMOTE_CACHE_FAKE_SRCROOT = /xxxxxxxxxx;
			};
			name = Release;
		};
		48BF5B2527ABADC000FDE23E /* Debug */ = {
			isa = XCBuildConfiguration;
			baseConfigurationReference = 4B4CDE1193A737746E562144 /* Pods-MovieApp-MovieAppUITests.debug.xcconfig */;
			buildSettings = {
				ALWAYS_EMBED_SWIFT_STANDARD_LIBRARIES = YES;
				CODE_SIGN_STYLE = Automatic;
				CURRENT_PROJECT_VERSION = 1;
				DEVELOPMENT_TEAM = RD7TLJ6X49;
				GENERATE_INFOPLIST_FILE = YES;
				LD = "$SRCROOT/../tools/xcremotecache/xcld";
				LD_RUNPATH_SEARCH_PATHS = (
					"$(inherited)",
					"@executable_path/Frameworks",
					"@loader_path/Frameworks",
				);
				LIBTOOL = "$SRCROOT/../tools/xcremotecache/xclibtool";
				MARKETING_VERSION = 1.0;
				OTHER_CFLAGS = (
					"$(inherited)",
					"-fdebug-prefix-map=$(SRCROOT)=$(XCREMOTE_CACHE_FAKE_SRCROOT)",
				);
				OTHER_SWIFT_FLAGS = "$(inherited) -debug-prefix-map $(SRCROOT)=$(XCREMOTE_CACHE_FAKE_SRCROOT)";
				PRODUCT_BUNDLE_IDENTIFIER = com.dwirandyh.MovieAppUITests;
				PRODUCT_NAME = "$(TARGET_NAME)";
				SWIFT_EMIT_LOC_STRINGS = NO;
				SWIFT_EXEC = "$SRCROOT/../tools/xcremotecache/xcswiftc";
				SWIFT_VERSION = 5.0;
				TARGETED_DEVICE_FAMILY = "1,2";
				TEST_TARGET_NAME = MovieApp;
				XCRC_PLATFORM_PREFERRED_ARCH = "$(LINK_FILE_LIST_$(CURRENT_VARIANT)_$(PLATFORM_PREFERRED_ARCH):dir:standardizepath:file:default=arm64)";
				XCREMOTE_CACHE_FAKE_SRCROOT = /xxxxxxxxxx;
			};
			name = Debug;
		};
		48BF5B2627ABADC000FDE23E /* Release */ = {
			isa = XCBuildConfiguration;
			baseConfigurationReference = 72E789A10F63AD45490E1AE0 /* Pods-MovieApp-MovieAppUITests.release.xcconfig */;
			buildSettings = {
				ALWAYS_EMBED_SWIFT_STANDARD_LIBRARIES = YES;
				CODE_SIGN_STYLE = Automatic;
				CURRENT_PROJECT_VERSION = 1;
				DEVELOPMENT_TEAM = RD7TLJ6X49;
				GENERATE_INFOPLIST_FILE = YES;
				LD = "$SRCROOT/../tools/xcremotecache/xcld";
				LD_RUNPATH_SEARCH_PATHS = (
					"$(inherited)",
					"@executable_path/Frameworks",
					"@loader_path/Frameworks",
				);
				LIBTOOL = "$SRCROOT/../tools/xcremotecache/xclibtool";
				MARKETING_VERSION = 1.0;
				OTHER_CFLAGS = (
					"$(inherited)",
					"-fdebug-prefix-map=$(SRCROOT)=$(XCREMOTE_CACHE_FAKE_SRCROOT)",
				);
				OTHER_SWIFT_FLAGS = "$(inherited) -debug-prefix-map $(SRCROOT)=$(XCREMOTE_CACHE_FAKE_SRCROOT)";
				PRODUCT_BUNDLE_IDENTIFIER = com.dwirandyh.MovieAppUITests;
				PRODUCT_NAME = "$(TARGET_NAME)";
				SWIFT_EMIT_LOC_STRINGS = NO;
				SWIFT_EXEC = "$SRCROOT/../tools/xcremotecache/xcswiftc";
				SWIFT_VERSION = 5.0;
				TARGETED_DEVICE_FAMILY = "1,2";
				TEST_TARGET_NAME = MovieApp;
				XCRC_PLATFORM_PREFERRED_ARCH = "$(LINK_FILE_LIST_$(CURRENT_VARIANT)_$(PLATFORM_PREFERRED_ARCH):dir:standardizepath:file:default=arm64)";
				XCREMOTE_CACHE_FAKE_SRCROOT = /xxxxxxxxxx;
			};
			name = Release;
		};
/* End XCBuildConfiguration section */

/* Begin XCConfigurationList section */
		48BF5AEF27ABADBE00FDE23E /* Build configuration list for PBXProject "MovieApp" */ = {
			isa = XCConfigurationList;
			buildConfigurations = (
				48BF5B1C27ABADC000FDE23E /* Debug */,
				48BF5B1D27ABADC000FDE23E /* Release */,
			);
			defaultConfigurationIsVisible = 0;
			defaultConfigurationName = Release;
		};
		48BF5B1E27ABADC000FDE23E /* Build configuration list for PBXNativeTarget "MovieApp" */ = {
			isa = XCConfigurationList;
			buildConfigurations = (
				48BF5B1F27ABADC000FDE23E /* Debug */,
				48BF5B2027ABADC000FDE23E /* Release */,
			);
			defaultConfigurationIsVisible = 0;
			defaultConfigurationName = Release;
		};
		48BF5B2127ABADC000FDE23E /* Build configuration list for PBXNativeTarget "MovieAppTests" */ = {
			isa = XCConfigurationList;
			buildConfigurations = (
				48BF5B2227ABADC000FDE23E /* Debug */,
				48BF5B2327ABADC000FDE23E /* Release */,
			);
			defaultConfigurationIsVisible = 0;
			defaultConfigurationName = Release;
		};
		48BF5B2427ABADC000FDE23E /* Build configuration list for PBXNativeTarget "MovieAppUITests" */ = {
			isa = XCConfigurationList;
			buildConfigurations = (
				48BF5B2527ABADC000FDE23E /* Debug */,
				48BF5B2627ABADC000FDE23E /* Release */,
			);
			defaultConfigurationIsVisible = 0;
			defaultConfigurationName = Release;
		};
/* End XCConfigurationList section */
	};
	rootObject = 48BF5AEC27ABADBE00FDE23E /* Project object */;
}
