// !$*UTF8*$!
{
	archiveVersion = 1;
	classes = {
	};
	objectVersion = 55;
	objects = {

/* Begin PBXBuildFile section */
		48BF5B7027ABB00900FDE23E /* AppDelegate.swift in Sources */ = {isa = PBXBuildFile; fileRef = 48BF5B6F27ABB00900FDE23E /* AppDelegate.swift */; };
		48BF5B7227ABB00900FDE23E /* SceneDelegate.swift in Sources */ = {isa = PBXBuildFile; fileRef = 48BF5B7127ABB00900FDE23E /* SceneDelegate.swift */; };
		48BF5B7427ABB00900FDE23E /* ViewController.swift in Sources */ = {isa = PBXBuildFile; fileRef = 48BF5B7327ABB00900FDE23E /* ViewController.swift */; };
		48BF5B7727ABB00900FDE23E /* Main.storyboard in Resources */ = {isa = PBXBuildFile; fileRef = 48BF5B7527ABB00900FDE23E /* Main.storyboard */; };
		48BF5B7927ABB00A00FDE23E /* Assets.xcassets in Resources */ = {isa = PBXBuildFile; fileRef = 48BF5B7827ABB00A00FDE23E /* Assets.xcassets */; };
		48BF5B7C27ABB00A00FDE23E /* LaunchScreen.storyboard in Resources */ = {isa = PBXBuildFile; fileRef = 48BF5B7A27ABB00A00FDE23E /* LaunchScreen.storyboard */; };
		84218F125A2D5C2002D3D1FA /* Pods_Launcher.framework in Frameworks */ = {isa = PBXBuildFile; fileRef = B5A62A3B8B2C2EF03310D503 /* Pods_Launcher.framework */; };
/* End PBXBuildFile section */

/* Begin PBXFileReference section */
		176D3A67642420758037B649 /* Pods-Launcher.release.xcconfig */ = {isa = PBXFileReference; includeInIndex = 1; lastKnownFileType = text.xcconfig; name = "Pods-Launcher.release.xcconfig"; path = "Target Support Files/Pods-Launcher/Pods-Launcher.release.xcconfig"; sourceTree = "<group>"; };
		48115FF327BCCA5C000E0A3B /* Dummy.swift */ = {isa = PBXFileReference; lastKnownFileType = sourcecode.swift; path = Dummy.swift; sourceTree = "<group>"; };
		485ADC0627BBB7100027CC24 /* SettingsViewController.h */ = {isa = PBXFileReference; lastKnownFileType = sourcecode.c.h; path = SettingsViewController.h; sourceTree = "<group>"; };
		485ADC0727BBB7100027CC24 /* SettingsViewController.m */ = {isa = PBXFileReference; lastKnownFileType = sourcecode.c.objc; path = SettingsViewController.m; sourceTree = "<group>"; };
		48B1A31F27ABB0E2003165F2 /* UserViewController.swift */ = {isa = PBXFileReference; lastKnownFileType = sourcecode.swift; path = UserViewController.swift; sourceTree = "<group>"; };
		48B1A32027ABB0F9003165F2 /* User.podspec */ = {isa = PBXFileReference; lastKnownFileType = text; path = User.podspec; sourceTree = "<group>"; };
		48BF5B6C27ABB00900FDE23E /* Launcher.app */ = {isa = PBXFileReference; explicitFileType = wrapper.application; includeInIndex = 0; path = Launcher.app; sourceTree = BUILT_PRODUCTS_DIR; };
		48BF5B6F27ABB00900FDE23E /* AppDelegate.swift */ = {isa = PBXFileReference; lastKnownFileType = sourcecode.swift; path = AppDelegate.swift; sourceTree = "<group>"; };
		48BF5B7127ABB00900FDE23E /* SceneDelegate.swift */ = {isa = PBXFileReference; lastKnownFileType = sourcecode.swift; path = SceneDelegate.swift; sourceTree = "<group>"; };
		48BF5B7327ABB00900FDE23E /* ViewController.swift */ = {isa = PBXFileReference; lastKnownFileType = sourcecode.swift; path = ViewController.swift; sourceTree = "<group>"; };
		48BF5B7627ABB00900FDE23E /* Base */ = {isa = PBXFileReference; lastKnownFileType = file.storyboard; name = Base; path = Base.lproj/Main.storyboard; sourceTree = "<group>"; };
		48BF5B7827ABB00A00FDE23E /* Assets.xcassets */ = {isa = PBXFileReference; lastKnownFileType = folder.assetcatalog; path = Assets.xcassets; sourceTree = "<group>"; };
		48BF5B7B27ABB00A00FDE23E /* Base */ = {isa = PBXFileReference; lastKnownFileType = file.storyboard; name = Base; path = Base.lproj/LaunchScreen.storyboard; sourceTree = "<group>"; };
		48BF5B7D27ABB00A00FDE23E /* Info.plist */ = {isa = PBXFileReference; lastKnownFileType = text.plist.xml; path = Info.plist; sourceTree = "<group>"; };
		B5A62A3B8B2C2EF03310D503 /* Pods_Launcher.framework */ = {isa = PBXFileReference; explicitFileType = wrapper.framework; includeInIndex = 0; path = Pods_Launcher.framework; sourceTree = BUILT_PRODUCTS_DIR; };
		D2B2718213C8B577514D3051 /* Pods-Launcher.debug.xcconfig */ = {isa = PBXFileReference; includeInIndex = 1; lastKnownFileType = text.xcconfig; name = "Pods-Launcher.debug.xcconfig"; path = "Target Support Files/Pods-Launcher/Pods-Launcher.debug.xcconfig"; sourceTree = "<group>"; };
/* End PBXFileReference section */

/* Begin PBXFrameworksBuildPhase section */
		48BF5B6927ABB00900FDE23E /* Frameworks */ = {
			isa = PBXFrameworksBuildPhase;
			buildActionMask = 2147483647;
			files = (
				84218F125A2D5C2002D3D1FA /* Pods_Launcher.framework in Frameworks */,
			);
			runOnlyForDeploymentPostprocessing = 0;
		};
/* End PBXFrameworksBuildPhase section */

/* Begin PBXGroup section */
		48B1A31E27ABB0E2003165F2 /* User */ = {
			isa = PBXGroup;
			children = (
				48B1A31F27ABB0E2003165F2 /* UserViewController.swift */,
				48115FF327BCCA5C000E0A3B /* Dummy.swift */,
				485ADC0627BBB7100027CC24 /* SettingsViewController.h */,
				485ADC0727BBB7100027CC24 /* SettingsViewController.m */,
			);
			path = User;
			sourceTree = "<group>";
		};
		48BF5B6327ABB00900FDE23E = {
			isa = PBXGroup;
			children = (
				48B1A32027ABB0F9003165F2 /* User.podspec */,
				48B1A31E27ABB0E2003165F2 /* User */,
				48BF5B6E27ABB00900FDE23E /* Launcher */,
				48BF5B6D27ABB00900FDE23E /* Products */,
				D649AA17346CE83C7917B25C /* Pods */,
				FAA3E19195F4A32774D695D4 /* Frameworks */,
			);
			sourceTree = "<group>";
		};
		48BF5B6D27ABB00900FDE23E /* Products */ = {
			isa = PBXGroup;
			children = (
				48BF5B6C27ABB00900FDE23E /* Launcher.app */,
			);
			name = Products;
			sourceTree = "<group>";
		};
		48BF5B6E27ABB00900FDE23E /* Launcher */ = {
			isa = PBXGroup;
			children = (
				48BF5B6F27ABB00900FDE23E /* AppDelegate.swift */,
				48BF5B7127ABB00900FDE23E /* SceneDelegate.swift */,
				48BF5B7327ABB00900FDE23E /* ViewController.swift */,
				48BF5B7527ABB00900FDE23E /* Main.storyboard */,
				48BF5B7827ABB00A00FDE23E /* Assets.xcassets */,
				48BF5B7A27ABB00A00FDE23E /* LaunchScreen.storyboard */,
				48BF5B7D27ABB00A00FDE23E /* Info.plist */,
			);
			path = Launcher;
			sourceTree = "<group>";
		};
		D649AA17346CE83C7917B25C /* Pods */ = {
			isa = PBXGroup;
			children = (
				D2B2718213C8B577514D3051 /* Pods-Launcher.debug.xcconfig */,
				176D3A67642420758037B649 /* Pods-Launcher.release.xcconfig */,
			);
			path = Pods;
			sourceTree = "<group>";
		};
		FAA3E19195F4A32774D695D4 /* Frameworks */ = {
			isa = PBXGroup;
			children = (
				B5A62A3B8B2C2EF03310D503 /* Pods_Launcher.framework */,
			);
			name = Frameworks;
			sourceTree = "<group>";
		};
/* End PBXGroup section */

/* Begin PBXNativeTarget section */
		48BF5B6B27ABB00900FDE23E /* Launcher */ = {
			isa = PBXNativeTarget;
			buildConfigurationList = 48BF5B8027ABB00A00FDE23E /* Build configuration list for PBXNativeTarget "Launcher" */;
			buildPhases = (
				6F7335CD5FD1B9CF80AD0404 /* [CP] Check Pods Manifest.lock */,
				FEC02B0BCB601D49C817FDB1 /* [XCRC] Prebuild */,
				48BF5B6827ABB00900FDE23E /* Sources */,
				48BF5B6927ABB00900FDE23E /* Frameworks */,
				48BF5B6A27ABB00900FDE23E /* Resources */,
				785FDE55E49226767EFA6157 /* [XCRC] Postbuild */,
			);
			buildRules = (
			);
			dependencies = (
			);
			name = Launcher;
			productName = Launcher;
			productReference = 48BF5B6C27ABB00900FDE23E /* Launcher.app */;
			productType = "com.apple.product-type.application";
		};
/* End PBXNativeTarget section */

/* Begin PBXProject section */
		48BF5B6427ABB00900FDE23E /* Project object */ = {
			isa = PBXProject;
			attributes = {
				BuildIndependentTargetsInParallel = 1;
				LastSwiftUpdateCheck = 1310;
				LastUpgradeCheck = 1310;
				TargetAttributes = {
					48BF5B6B27ABB00900FDE23E = {
						CreatedOnToolsVersion = 13.1;
					};
				};
			};
			buildConfigurationList = 48BF5B6727ABB00900FDE23E /* Build configuration list for PBXProject "Launcher" */;
			compatibilityVersion = "Xcode 13.0";
			developmentRegion = en;
			hasScannedForEncodings = 0;
			knownRegions = (
				en,
				Base,
			);
			mainGroup = 48BF5B6327ABB00900FDE23E;
			productRefGroup = 48BF5B6D27ABB00900FDE23E /* Products */;
			projectDirPath = "";
			projectRoot = "";
			targets = (
				48BF5B6B27ABB00900FDE23E /* Launcher */,
			);
		};
/* End PBXProject section */

/* Begin PBXResourcesBuildPhase section */
		48BF5B6A27ABB00900FDE23E /* Resources */ = {
			isa = PBXResourcesBuildPhase;
			buildActionMask = 2147483647;
			files = (
				48BF5B7C27ABB00A00FDE23E /* LaunchScreen.storyboard in Resources */,
				48BF5B7927ABB00A00FDE23E /* Assets.xcassets in Resources */,
				48BF5B7727ABB00900FDE23E /* Main.storyboard in Resources */,
			);
			runOnlyForDeploymentPostprocessing = 0;
		};
/* End PBXResourcesBuildPhase section */

/* Begin PBXShellScriptBuildPhase section */
		6F7335CD5FD1B9CF80AD0404 /* [CP] Check Pods Manifest.lock */ = {
			isa = PBXShellScriptBuildPhase;
			buildActionMask = 2147483647;
			files = (
			);
			inputFileListPaths = (
			);
			inputPaths = (
				"${PODS_PODFILE_DIR_PATH}/Podfile.lock",
				"${PODS_ROOT}/Manifest.lock",
			);
			name = "[CP] Check Pods Manifest.lock";
			outputFileListPaths = (
			);
			outputPaths = (
				"$(DERIVED_FILE_DIR)/Pods-Launcher-checkManifestLockResult.txt",
			);
			runOnlyForDeploymentPostprocessing = 0;
			shellPath = /bin/sh;
			shellScript = "diff \"${PODS_PODFILE_DIR_PATH}/Podfile.lock\" \"${PODS_ROOT}/Manifest.lock\" > /dev/null\nif [ $? != 0 ] ; then\n    # print error to STDERR\n    echo \"error: The sandbox is not in sync with the Podfile.lock. Run 'pod install' or update your CocoaPods installation.\" >&2\n    exit 1\nfi\n# This output is used by Xcode 'outputs' to avoid re-running this script phase.\necho \"SUCCESS\" > \"${SCRIPT_OUTPUT_FILE_0}\"\n";
			showEnvVarsInLog = 0;
		};
		785FDE55E49226767EFA6157 /* [XCRC] Postbuild */ = {
			isa = PBXShellScriptBuildPhase;
			buildActionMask = 2147483647;
			dependencyFile = "$(TARGET_TEMP_DIR)/postbuild.d";
			files = (
			);
			inputFileListPaths = (
			);
			inputPaths = (
				$SRCROOT/../../../tools/xcremotecache/xcpostbuild,
			);
			name = "[XCRC] Postbuild";
			outputFileListPaths = (
			);
			outputPaths = (
				"$(TARGET_BUILD_DIR)/$(MODULES_FOLDER_PATH)/$(PRODUCT_MODULE_NAME).swiftmodule/$(XCRC_PLATFORM_PREFERRED_ARCH).swiftmodule.md5",
				"$(TARGET_BUILD_DIR)/$(MODULES_FOLDER_PATH)/$(PRODUCT_MODULE_NAME).swiftmodule/$(XCRC_PLATFORM_PREFERRED_ARCH)-$(LLVM_TARGET_TRIPLE_VENDOR)-$(SWIFT_PLATFORM_TARGET_PREFIX)$(LLVM_TARGET_TRIPLE_SUFFIX).swiftmodule.md5",
			);
			runOnlyForDeploymentPostprocessing = 0;
			shellPath = /bin/sh;
			shellScript = "\"$SCRIPT_INPUT_FILE_0\"";
		};
		FEC02B0BCB601D49C817FDB1 /* [XCRC] Prebuild */ = {
			isa = PBXShellScriptBuildPhase;
			buildActionMask = 2147483647;
			dependencyFile = "$(TARGET_TEMP_DIR)/prebuild.d";
			files = (
			);
			inputFileListPaths = (
			);
			inputPaths = (
				$SRCROOT/../../../tools/xcremotecache/xcprebuild,
			);
			name = "[XCRC] Prebuild";
			outputFileListPaths = (
			);
			outputPaths = (
				"$(TARGET_TEMP_DIR)/rc.enabled",
				"$(DWARF_DSYM_FOLDER_PATH)/$(DWARF_DSYM_FILE_NAME)",
			);
			runOnlyForDeploymentPostprocessing = 0;
			shellPath = /bin/sh;
			shellScript = "\"$SCRIPT_INPUT_FILE_0\"";
		};
/* End PBXShellScriptBuildPhase section */

/* Begin PBXSourcesBuildPhase section */
		48BF5B6827ABB00900FDE23E /* Sources */ = {
			isa = PBXSourcesBuildPhase;
			buildActionMask = 2147483647;
			files = (
				48BF5B7427ABB00900FDE23E /* ViewController.swift in Sources */,
				48BF5B7027ABB00900FDE23E /* AppDelegate.swift in Sources */,
				48BF5B7227ABB00900FDE23E /* SceneDelegate.swift in Sources */,
			);
			runOnlyForDeploymentPostprocessing = 0;
		};
/* End PBXSourcesBuildPhase section */

/* Begin PBXVariantGroup section */
		48BF5B7527ABB00900FDE23E /* Main.storyboard */ = {
			isa = PBXVariantGroup;
			children = (
				48BF5B7627ABB00900FDE23E /* Base */,
			);
			name = Main.storyboard;
			sourceTree = "<group>";
		};
		48BF5B7A27ABB00A00FDE23E /* LaunchScreen.storyboard */ = {
			isa = PBXVariantGroup;
			children = (
				48BF5B7B27ABB00A00FDE23E /* Base */,
			);
			name = LaunchScreen.storyboard;
			sourceTree = "<group>";
		};
/* End PBXVariantGroup section */

/* Begin XCBuildConfiguration section */
		48BF5B7E27ABB00A00FDE23E /* Debug */ = {
			isa = XCBuildConfiguration;
			buildSettings = {
				ALWAYS_SEARCH_USER_PATHS = NO;
				CLANG_ANALYZER_NONNULL = YES;
				CLANG_ANALYZER_NUMBER_OBJECT_CONVERSION = YES_AGGRESSIVE;
				CLANG_CXX_LANGUAGE_STANDARD = "gnu++17";
				CLANG_CXX_LIBRARY = "libc++";
				CLANG_ENABLE_MODULES = YES;
				CLANG_ENABLE_OBJC_ARC = YES;
				CLANG_ENABLE_OBJC_WEAK = YES;
				CLANG_WARN_BLOCK_CAPTURE_AUTORELEASING = YES;
				CLANG_WARN_BOOL_CONVERSION = YES;
				CLANG_WARN_COMMA = YES;
				CLANG_WARN_CONSTANT_CONVERSION = YES;
				CLANG_WARN_DEPRECATED_OBJC_IMPLEMENTATIONS = YES;
				CLANG_WARN_DIRECT_OBJC_ISA_USAGE = YES_ERROR;
				CLANG_WARN_DOCUMENTATION_COMMENTS = YES;
				CLANG_WARN_EMPTY_BODY = YES;
				CLANG_WARN_ENUM_CONVERSION = YES;
				CLANG_WARN_INFINITE_RECURSION = YES;
				CLANG_WARN_INT_CONVERSION = YES;
				CLANG_WARN_NON_LITERAL_NULL_CONVERSION = YES;
				CLANG_WARN_OBJC_IMPLICIT_RETAIN_SELF = YES;
				CLANG_WARN_OBJC_LITERAL_CONVERSION = YES;
				CLANG_WARN_OBJC_ROOT_CLASS = YES_ERROR;
				CLANG_WARN_QUOTED_INCLUDE_IN_FRAMEWORK_HEADER = YES;
				CLANG_WARN_RANGE_LOOP_ANALYSIS = YES;
				CLANG_WARN_STRICT_PROTOTYPES = YES;
				CLANG_WARN_SUSPICIOUS_MOVE = YES;
				CLANG_WARN_UNGUARDED_AVAILABILITY = YES_AGGRESSIVE;
				CLANG_WARN_UNREACHABLE_CODE = YES;
				CLANG_WARN__DUPLICATE_METHOD_MATCH = YES;
				COPY_PHASE_STRIP = NO;
				DEBUG_INFORMATION_FORMAT = dwarf;
				ENABLE_STRICT_OBJC_MSGSEND = YES;
				ENABLE_TESTABILITY = YES;
				GCC_C_LANGUAGE_STANDARD = gnu11;
				GCC_DYNAMIC_NO_PIC = NO;
				GCC_NO_COMMON_BLOCKS = YES;
				GCC_OPTIMIZATION_LEVEL = 0;
				GCC_PREPROCESSOR_DEFINITIONS = (
					"DEBUG=1",
					"$(inherited)",
				);
				GCC_WARN_64_TO_32_BIT_CONVERSION = YES;
				GCC_WARN_ABOUT_RETURN_TYPE = YES_ERROR;
				GCC_WARN_UNDECLARED_SELECTOR = YES;
				GCC_WARN_UNINITIALIZED_AUTOS = YES_AGGRESSIVE;
				GCC_WARN_UNUSED_FUNCTION = YES;
				GCC_WARN_UNUSED_VARIABLE = YES;
				IPHONEOS_DEPLOYMENT_TARGET = 15.0;
				MTL_ENABLE_DEBUG_INFO = INCLUDE_SOURCE;
				MTL_FAST_MATH = YES;
				ONLY_ACTIVE_ARCH = YES;
				SDKROOT = iphoneos;
				SWIFT_ACTIVE_COMPILATION_CONDITIONS = DEBUG;
				SWIFT_OPTIMIZATION_LEVEL = "-Onone";
			};
			name = Debug;
		};
		48BF5B7F27ABB00A00FDE23E /* Release */ = {
			isa = XCBuildConfiguration;
			buildSettings = {
				ALWAYS_SEARCH_USER_PATHS = NO;
				CLANG_ANALYZER_NONNULL = YES;
				CLANG_ANALYZER_NUMBER_OBJECT_CONVERSION = YES_AGGRESSIVE;
				CLANG_CXX_LANGUAGE_STANDARD = "gnu++17";
				CLANG_CXX_LIBRARY = "libc++";
				CLANG_ENABLE_MODULES = YES;
				CLANG_ENABLE_OBJC_ARC = YES;
				CLANG_ENABLE_OBJC_WEAK = YES;
				CLANG_WARN_BLOCK_CAPTURE_AUTORELEASING = YES;
				CLANG_WARN_BOOL_CONVERSION = YES;
				CLANG_WARN_COMMA = YES;
				CLANG_WARN_CONSTANT_CONVERSION = YES;
				CLANG_WARN_DEPRECATED_OBJC_IMPLEMENTATIONS = YES;
				CLANG_WARN_DIRECT_OBJC_ISA_USAGE = YES_ERROR;
				CLANG_WARN_DOCUMENTATION_COMMENTS = YES;
				CLANG_WARN_EMPTY_BODY = YES;
				CLANG_WARN_ENUM_CONVERSION = YES;
				CLANG_WARN_INFINITE_RECURSION = YES;
				CLANG_WARN_INT_CONVERSION = YES;
				CLANG_WARN_NON_LITERAL_NULL_CONVERSION = YES;
				CLANG_WARN_OBJC_IMPLICIT_RETAIN_SELF = YES;
				CLANG_WARN_OBJC_LITERAL_CONVERSION = YES;
				CLANG_WARN_OBJC_ROOT_CLASS = YES_ERROR;
				CLANG_WARN_QUOTED_INCLUDE_IN_FRAMEWORK_HEADER = YES;
				CLANG_WARN_RANGE_LOOP_ANALYSIS = YES;
				CLANG_WARN_STRICT_PROTOTYPES = YES;
				CLANG_WARN_SUSPICIOUS_MOVE = YES;
				CLANG_WARN_UNGUARDED_AVAILABILITY = YES_AGGRESSIVE;
				CLANG_WARN_UNREACHABLE_CODE = YES;
				CLANG_WARN__DUPLICATE_METHOD_MATCH = YES;
				COPY_PHASE_STRIP = NO;
				DEBUG_INFORMATION_FORMAT = "dwarf-with-dsym";
				ENABLE_NS_ASSERTIONS = NO;
				ENABLE_STRICT_OBJC_MSGSEND = YES;
				GCC_C_LANGUAGE_STANDARD = gnu11;
				GCC_NO_COMMON_BLOCKS = YES;
				GCC_WARN_64_TO_32_BIT_CONVERSION = YES;
				GCC_WARN_ABOUT_RETURN_TYPE = YES_ERROR;
				GCC_WARN_UNDECLARED_SELECTOR = YES;
				GCC_WARN_UNINITIALIZED_AUTOS = YES_AGGRESSIVE;
				GCC_WARN_UNUSED_FUNCTION = YES;
				GCC_WARN_UNUSED_VARIABLE = YES;
				IPHONEOS_DEPLOYMENT_TARGET = 15.0;
				MTL_ENABLE_DEBUG_INFO = NO;
				MTL_FAST_MATH = YES;
				SDKROOT = iphoneos;
				SWIFT_COMPILATION_MODE = wholemodule;
				SWIFT_OPTIMIZATION_LEVEL = "-O";
				VALIDATE_PRODUCT = YES;
			};
			name = Release;
		};
		48BF5B8127ABB00A00FDE23E /* Debug */ = {
			isa = XCBuildConfiguration;
			baseConfigurationReference = D2B2718213C8B577514D3051 /* Pods-Launcher.debug.xcconfig */;
			buildSettings = {
				ASSETCATALOG_COMPILER_APPICON_NAME = AppIcon;
				ASSETCATALOG_COMPILER_GLOBAL_ACCENT_COLOR_NAME = AccentColor;
				CC = $SRCROOT/.rc/xccc;
				CODE_SIGN_STYLE = Automatic;
				CURRENT_PROJECT_VERSION = 1;
				DEVELOPMENT_TEAM = RD7TLJ6X49;
				GENERATE_INFOPLIST_FILE = YES;
				INFOPLIST_FILE = Launcher/Info.plist;
				INFOPLIST_KEY_UIApplicationSupportsIndirectInputEvents = YES;
				INFOPLIST_KEY_UILaunchStoryboardName = LaunchScreen;
				INFOPLIST_KEY_UIMainStoryboardFile = Main;
				INFOPLIST_KEY_UISupportedInterfaceOrientations_iPad = "UIInterfaceOrientationPortrait UIInterfaceOrientationPortraitUpsideDown UIInterfaceOrientationLandscapeLeft UIInterfaceOrientationLandscapeRight";
				INFOPLIST_KEY_UISupportedInterfaceOrientations_iPhone = "UIInterfaceOrientationPortrait UIInterfaceOrientationLandscapeLeft UIInterfaceOrientationLandscapeRight";
				LD = $SRCROOT/../../../tools/xcremotecache/xcld;
				LD_RUNPATH_SEARCH_PATHS = (
					"$(inherited)",
					"@executable_path/Frameworks",
				);
				LIBTOOL = $SRCROOT/../../../tools/xcremotecache/xclibtool;
				MARKETING_VERSION = 1.0;
				OTHER_CFLAGS = (
					"$(inherited)",
					"-fdebug-prefix-map=$(SRCROOT)=$(XCREMOTE_CACHE_FAKE_SRCROOT)",
				);
				OTHER_SWIFT_FLAGS = "$(inherited) -debug-prefix-map $(SRCROOT)=$(XCREMOTE_CACHE_FAKE_SRCROOT)";
				PRODUCT_BUNDLE_IDENTIFIER = com.dwirandyh.Launcher;
				PRODUCT_NAME = "$(TARGET_NAME)";
				SWIFT_EMIT_LOC_STRINGS = YES;
				SWIFT_EXEC = $SRCROOT/../../../tools/xcremotecache/xcswiftc;
				SWIFT_VERSION = 5.0;
				TARGETED_DEVICE_FAMILY = "1,2";
				XCRC_PLATFORM_PREFERRED_ARCH = "$(LINK_FILE_LIST_$(CURRENT_VARIANT)_$(PLATFORM_PREFERRED_ARCH):dir:standardizepath:file:default=arm64)";
				XCREMOTE_CACHE_FAKE_SRCROOT = /xxxxxxxxxx;
			};
			name = Debug;
		};
		48BF5B8227ABB00A00FDE23E /* Release */ = {
			isa = XCBuildConfiguration;
			baseConfigurationReference = 176D3A67642420758037B649 /* Pods-Launcher.release.xcconfig */;
			buildSettings = {
				ASSETCATALOG_COMPILER_APPICON_NAME = AppIcon;
				ASSETCATALOG_COMPILER_GLOBAL_ACCENT_COLOR_NAME = AccentColor;
				CC = $SRCROOT/.rc/xccc;
				CODE_SIGN_STYLE = Automatic;
				CURRENT_PROJECT_VERSION = 1;
				DEVELOPMENT_TEAM = RD7TLJ6X49;
				GENERATE_INFOPLIST_FILE = YES;
				INFOPLIST_FILE = Launcher/Info.plist;
				INFOPLIST_KEY_UIApplicationSupportsIndirectInputEvents = YES;
				INFOPLIST_KEY_UILaunchStoryboardName = LaunchScreen;
				INFOPLIST_KEY_UIMainStoryboardFile = Main;
				INFOPLIST_KEY_UISupportedInterfaceOrientations_iPad = "UIInterfaceOrientationPortrait UIInterfaceOrientationPortraitUpsideDown UIInterfaceOrientationLandscapeLeft UIInterfaceOrientationLandscapeRight";
				INFOPLIST_KEY_UISupportedInterfaceOrientations_iPhone = "UIInterfaceOrientationPortrait UIInterfaceOrientationLandscapeLeft UIInterfaceOrientationLandscapeRight";
				LD = $SRCROOT/../../../tools/xcremotecache/xcld;
				LD_RUNPATH_SEARCH_PATHS = (
					"$(inherited)",
					"@executable_path/Frameworks",
				);
				LIBTOOL = $SRCROOT/../../../tools/xcremotecache/xclibtool;
				MARKETING_VERSION = 1.0;
				OTHER_CFLAGS = (
					"$(inherited)",
					"-fdebug-prefix-map=$(SRCROOT)=$(XCREMOTE_CACHE_FAKE_SRCROOT)",
				);
				OTHER_SWIFT_FLAGS = "$(inherited) -debug-prefix-map $(SRCROOT)=$(XCREMOTE_CACHE_FAKE_SRCROOT)";
				PRODUCT_BUNDLE_IDENTIFIER = com.dwirandyh.Launcher;
				PRODUCT_NAME = "$(TARGET_NAME)";
				SWIFT_EMIT_LOC_STRINGS = YES;
				SWIFT_EXEC = $SRCROOT/../../../tools/xcremotecache/xcswiftc;
				SWIFT_VERSION = 5.0;
				TARGETED_DEVICE_FAMILY = "1,2";
				XCRC_PLATFORM_PREFERRED_ARCH = "$(LINK_FILE_LIST_$(CURRENT_VARIANT)_$(PLATFORM_PREFERRED_ARCH):dir:standardizepath:file:default=arm64)";
				XCREMOTE_CACHE_FAKE_SRCROOT = /xxxxxxxxxx;
			};
			name = Release;
		};
/* End XCBuildConfiguration section */

/* Begin XCConfigurationList section */
		48BF5B6727ABB00900FDE23E /* Build configuration list for PBXProject "Launcher" */ = {
			isa = XCConfigurationList;
			buildConfigurations = (
				48BF5B7E27ABB00A00FDE23E /* Debug */,
				48BF5B7F27ABB00A00FDE23E /* Release */,
			);
			defaultConfigurationIsVisible = 0;
			defaultConfigurationName = Release;
		};
		48BF5B8027ABB00A00FDE23E /* Build configuration list for PBXNativeTarget "Launcher" */ = {
			isa = XCConfigurationList;
			buildConfigurations = (
				48BF5B8127ABB00A00FDE23E /* Debug */,
				48BF5B8227ABB00A00FDE23E /* Release */,
			);
			defaultConfigurationIsVisible = 0;
			defaultConfigurationName = Release;
		};
/* End XCConfigurationList section */
	};
	rootObject = 48BF5B6427ABB00900FDE23E /* Project object */;
}
